// !$*UTF8*$!
{
	archiveVersion = 1;
	classes = {
	};
	objectVersion = 50;
	objects = {

/* Begin PBXBuildFile section */
		A700D8DF25DFF3EA00CF8E7F /* AppDelegate.m in Sources */ = {isa = PBXBuildFile; fileRef = A700D8DE25DFF3EA00CF8E7F /* AppDelegate.m */; };
		A700D8E125DFF3EA00CF8E7F /* Assets.xcassets in Resources */ = {isa = PBXBuildFile; fileRef = A700D8E025DFF3EA00CF8E7F /* Assets.xcassets */; };
		A700D8E425DFF3EA00CF8E7F /* MainMenu.xib in Resources */ = {isa = PBXBuildFile; fileRef = A700D8E225DFF3EA00CF8E7F /* MainMenu.xib */; };
		A700D8E725DFF3EA00CF8E7F /* main.m in Sources */ = {isa = PBXBuildFile; fileRef = A700D8E625DFF3EA00CF8E7F /* main.m */; };
		A700D8F225DFF49800CF8E7F /* MyWindowController.m in Sources */ = {isa = PBXBuildFile; fileRef = A700D8F125DFF49800CF8E7F /* MyWindowController.m */; };
		A700D8F625DFFA9A00CF8E7F /* IOKit.framework in Frameworks */ = {isa = PBXBuildFile; fileRef = A700D8F525DFFA9A00CF8E7F /* IOKit.framework */; };
		A77FEB7425E02B840069BC93 /* FKeyController.m in Sources */ = {isa = PBXBuildFile; fileRef = A77FEB7325E02B840069BC93 /* FKeyController.m */; };
/* End PBXBuildFile section */

/* Begin PBXFileReference section */
		A700D8DA25DFF3EA00CF8E7F /* FnSmartSwicher.app */ = {isa = PBXFileReference; explicitFileType = wrapper.application; includeInIndex = 0; path = FnSmartSwicher.app; sourceTree = BUILT_PRODUCTS_DIR; };
		A700D8DD25DFF3EA00CF8E7F /* AppDelegate.h */ = {isa = PBXFileReference; lastKnownFileType = sourcecode.c.h; path = AppDelegate.h; sourceTree = "<group>"; };
		A700D8DE25DFF3EA00CF8E7F /* AppDelegate.m */ = {isa = PBXFileReference; lastKnownFileType = sourcecode.c.objc; path = AppDelegate.m; sourceTree = "<group>"; };
		A700D8E025DFF3EA00CF8E7F /* Assets.xcassets */ = {isa = PBXFileReference; lastKnownFileType = folder.assetcatalog; path = Assets.xcassets; sourceTree = "<group>"; };
		A700D8E325DFF3EA00CF8E7F /* Base */ = {isa = PBXFileReference; lastKnownFileType = file.xib; name = Base; path = Base.lproj/MainMenu.xib; sourceTree = "<group>"; };
		A700D8E525DFF3EA00CF8E7F /* Info.plist */ = {isa = PBXFileReference; lastKnownFileType = text.plist.xml; path = Info.plist; sourceTree = "<group>"; };
		A700D8E625DFF3EA00CF8E7F /* main.m */ = {isa = PBXFileReference; lastKnownFileType = sourcecode.c.objc; path = main.m; sourceTree = "<group>"; };
		A700D8E825DFF3EA00CF8E7F /* FnSmartSwicher.entitlements */ = {isa = PBXFileReference; lastKnownFileType = text.plist.entitlements; path = FnSmartSwicher.entitlements; sourceTree = "<group>"; };
		A700D8F025DFF49800CF8E7F /* MyWindowController.h */ = {isa = PBXFileReference; lastKnownFileType = sourcecode.c.h; path = MyWindowController.h; sourceTree = "<group>"; };
		A700D8F125DFF49800CF8E7F /* MyWindowController.m */ = {isa = PBXFileReference; lastKnownFileType = sourcecode.c.objc; path = MyWindowController.m; sourceTree = "<group>"; };
		A700D8F525DFFA9A00CF8E7F /* IOKit.framework */ = {isa = PBXFileReference; lastKnownFileType = wrapper.framework; name = IOKit.framework; path = System/Library/Frameworks/IOKit.framework; sourceTree = SDKROOT; };
		A77FEB7225E02B840069BC93 /* FKeyController.h */ = {isa = PBXFileReference; lastKnownFileType = sourcecode.c.h; path = FKeyController.h; sourceTree = "<group>"; };
		A77FEB7325E02B840069BC93 /* FKeyController.m */ = {isa = PBXFileReference; lastKnownFileType = sourcecode.c.objc; path = FKeyController.m; sourceTree = "<group>"; };
/* End PBXFileReference section */

/* Begin PBXFrameworksBuildPhase section */
		A700D8D725DFF3EA00CF8E7F /* Frameworks */ = {
			isa = PBXFrameworksBuildPhase;
			buildActionMask = 2147483647;
			files = (
				A700D8F625DFFA9A00CF8E7F /* IOKit.framework in Frameworks */,
			);
			runOnlyForDeploymentPostprocessing = 0;
		};
/* End PBXFrameworksBuildPhase section */

/* Begin PBXGroup section */
		A700D8D125DFF3EA00CF8E7F = {
			isa = PBXGroup;
			children = (
				A700D8DC25DFF3EA00CF8E7F /* FnSmartSwicher */,
				A700D8DB25DFF3EA00CF8E7F /* Products */,
				A700D8F425DFFA9A00CF8E7F /* Frameworks */,
			);
			sourceTree = "<group>";
		};
		A700D8DB25DFF3EA00CF8E7F /* Products */ = {
			isa = PBXGroup;
			children = (
				A700D8DA25DFF3EA00CF8E7F /* FnSmartSwicher.app */,
			);
			name = Products;
			sourceTree = "<group>";
		};
		A700D8DC25DFF3EA00CF8E7F /* FnSmartSwicher */ = {
			isa = PBXGroup;
			children = (
				A700D8DD25DFF3EA00CF8E7F /* AppDelegate.h */,
				A700D8DE25DFF3EA00CF8E7F /* AppDelegate.m */,
				A700D8E025DFF3EA00CF8E7F /* Assets.xcassets */,
				A700D8E225DFF3EA00CF8E7F /* MainMenu.xib */,
				A700D8E525DFF3EA00CF8E7F /* Info.plist */,
				A700D8E625DFF3EA00CF8E7F /* main.m */,
				A700D8E825DFF3EA00CF8E7F /* FnSmartSwicher.entitlements */,
				A700D8F025DFF49800CF8E7F /* MyWindowController.h */,
				A700D8F125DFF49800CF8E7F /* MyWindowController.m */,
				A77FEB7225E02B840069BC93 /* FKeyController.h */,
				A77FEB7325E02B840069BC93 /* FKeyController.m */,
			);
			path = FnSmartSwicher;
			sourceTree = "<group>";
		};
		A700D8F425DFFA9A00CF8E7F /* Frameworks */ = {
			isa = PBXGroup;
			children = (
				A700D8F525DFFA9A00CF8E7F /* IOKit.framework */,
			);
			name = Frameworks;
			sourceTree = "<group>";
		};
/* End PBXGroup section */

/* Begin PBXNativeTarget section */
		A700D8D925DFF3EA00CF8E7F /* FnSmartSwicher */ = {
			isa = PBXNativeTarget;
			buildConfigurationList = A700D8EB25DFF3EA00CF8E7F /* Build configuration list for PBXNativeTarget "FnSmartSwicher" */;
			buildPhases = (
				A700D8D625DFF3EA00CF8E7F /* Sources */,
				A700D8D725DFF3EA00CF8E7F /* Frameworks */,
				A700D8D825DFF3EA00CF8E7F /* Resources */,
			);
			buildRules = (
			);
			dependencies = (
			);
			name = FnSmartSwicher;
			productName = FnSmartSwicher;
			productReference = A700D8DA25DFF3EA00CF8E7F /* FnSmartSwicher.app */;
			productType = "com.apple.product-type.application";
		};
/* End PBXNativeTarget section */

/* Begin PBXProject section */
		A700D8D225DFF3EA00CF8E7F /* Project object */ = {
			isa = PBXProject;
			attributes = {
				LastUpgradeCheck = 1240;
				TargetAttributes = {
					A700D8D925DFF3EA00CF8E7F = {
						CreatedOnToolsVersion = 12.4;
					};
				};
			};
			buildConfigurationList = A700D8D525DFF3EA00CF8E7F /* Build configuration list for PBXProject "FnSmartSwicher" */;
			compatibilityVersion = "Xcode 9.3";
			developmentRegion = en;
			hasScannedForEncodings = 0;
			knownRegions = (
				en,
				Base,
			);
			mainGroup = A700D8D125DFF3EA00CF8E7F;
			productRefGroup = A700D8DB25DFF3EA00CF8E7F /* Products */;
			projectDirPath = "";
			projectRoot = "";
			targets = (
				A700D8D925DFF3EA00CF8E7F /* FnSmartSwicher */,
			);
		};
/* End PBXProject section */

/* Begin PBXResourcesBuildPhase section */
		A700D8D825DFF3EA00CF8E7F /* Resources */ = {
			isa = PBXResourcesBuildPhase;
			buildActionMask = 2147483647;
			files = (
				A700D8E125DFF3EA00CF8E7F /* Assets.xcassets in Resources */,
				A700D8E425DFF3EA00CF8E7F /* MainMenu.xib in Resources */,
			);
			runOnlyForDeploymentPostprocessing = 0;
		};
/* End PBXResourcesBuildPhase section */

/* Begin PBXSourcesBuildPhase section */
		A700D8D625DFF3EA00CF8E7F /* Sources */ = {
			isa = PBXSourcesBuildPhase;
			buildActionMask = 2147483647;
			files = (
				A700D8E725DFF3EA00CF8E7F /* main.m in Sources */,
				A700D8DF25DFF3EA00CF8E7F /* AppDelegate.m in Sources */,
				A77FEB7425E02B840069BC93 /* FKeyController.m in Sources */,
				A700D8F225DFF49800CF8E7F /* MyWindowController.m in Sources */,
			);
			runOnlyForDeploymentPostprocessing = 0;
		};
/* End PBXSourcesBuildPhase section */

/* Begin PBXVariantGroup section */
		A700D8E225DFF3EA00CF8E7F /* MainMenu.xib */ = {
			isa = PBXVariantGroup;
			children = (
				A700D8E325DFF3EA00CF8E7F /* Base */,
			);
			name = MainMenu.xib;
			sourceTree = "<group>";
		};
/* End PBXVariantGroup section */

/* Begin XCBuildConfiguration section */
		A700D8E925DFF3EA00CF8E7F /* Debug */ = {
			isa = XCBuildConfiguration;
			buildSettings = {
				ALWAYS_SEARCH_USER_PATHS = NO;
				CLANG_ANALYZER_NONNULL = YES;
				CLANG_ANALYZER_NUMBER_OBJECT_CONVERSION = YES_AGGRESSIVE;
				CLANG_CXX_LANGUAGE_STANDARD = "gnu++14";
				CLANG_CXX_LIBRARY = "libc++";
				CLANG_ENABLE_MODULES = YES;
				CLANG_ENABLE_OBJC_ARC = YES;
				CLANG_ENABLE_OBJC_WEAK = YES;
				CLANG_WARN_BLOCK_CAPTURE_AUTORELEASING = YES;
				CLANG_WARN_BOOL_CONVERSION = YES;
				CLANG_WARN_COMMA = YES;
				CLANG_WARN_CONSTANT_CONVERSION = YES;
				CLANG_WARN_DEPRECATED_OBJC_IMPLEMENTATIONS = YES;
				CLANG_WARN_DIRECT_OBJC_ISA_USAGE = YES_ERROR;
				CLANG_WARN_DOCUMENTATION_COMMENTS = YES;
				CLANG_WARN_EMPTY_BODY = YES;
				CLANG_WARN_ENUM_CONVERSION = YES;
				CLANG_WARN_INFINITE_RECURSION = YES;
				CLANG_WARN_INT_CONVERSION = YES;
				CLANG_WARN_NON_LITERAL_NULL_CONVERSION = YES;
				CLANG_WARN_OBJC_IMPLICIT_RETAIN_SELF = YES;
				CLANG_WARN_OBJC_LITERAL_CONVERSION = YES;
				CLANG_WARN_OBJC_ROOT_CLASS = YES_ERROR;
				CLANG_WARN_QUOTED_INCLUDE_IN_FRAMEWORK_HEADER = YES;
				CLANG_WARN_RANGE_LOOP_ANALYSIS = YES;
				CLANG_WARN_STRICT_PROTOTYPES = YES;
				CLANG_WARN_SUSPICIOUS_MOVE = YES;
				CLANG_WARN_UNGUARDED_AVAILABILITY = YES_AGGRESSIVE;
				CLANG_WARN_UNREACHABLE_CODE = YES;
				CLANG_WARN__DUPLICATE_METHOD_MATCH = YES;
				COPY_PHASE_STRIP = NO;
				DEBUG_INFORMATION_FORMAT = dwarf;
				ENABLE_STRICT_OBJC_MSGSEND = YES;
				ENABLE_TESTABILITY = YES;
				GCC_C_LANGUAGE_STANDARD = gnu11;
				GCC_DYNAMIC_NO_PIC = NO;
				GCC_NO_COMMON_BLOCKS = YES;
				GCC_OPTIMIZATION_LEVEL = 0;
				GCC_PREPROCESSOR_DEFINITIONS = (
					"DEBUG=1",
					"$(inherited)",
				);
				GCC_WARN_64_TO_32_BIT_CONVERSION = YES;
				GCC_WARN_ABOUT_RETURN_TYPE = YES_ERROR;
				GCC_WARN_UNDECLARED_SELECTOR = YES;
				GCC_WARN_UNINITIALIZED_AUTOS = YES_AGGRESSIVE;
				GCC_WARN_UNUSED_FUNCTION = YES;
				GCC_WARN_UNUSED_VARIABLE = YES;
				MACOSX_DEPLOYMENT_TARGET = 11.1;
				MTL_ENABLE_DEBUG_INFO = INCLUDE_SOURCE;
				MTL_FAST_MATH = YES;
				ONLY_ACTIVE_ARCH = YES;
				SDKROOT = macosx;
			};
			name = Debug;
		};
		A700D8EA25DFF3EA00CF8E7F /* Release */ = {
			isa = XCBuildConfiguration;
			buildSettings = {
				ALWAYS_SEARCH_USER_PATHS = NO;
				CLANG_ANALYZER_NONNULL = YES;
				CLANG_ANALYZER_NUMBER_OBJECT_CONVERSION = YES_AGGRESSIVE;
				CLANG_CXX_LANGUAGE_STANDARD = "gnu++14";
				CLANG_CXX_LIBRARY = "libc++";
				CLANG_ENABLE_MODULES = YES;
				CLANG_ENABLE_OBJC_ARC = YES;
				CLANG_ENABLE_OBJC_WEAK = YES;
				CLANG_WARN_BLOCK_CAPTURE_AUTORELEASING = YES;
				CLANG_WARN_BOOL_CONVERSION = YES;
				CLANG_WARN_COMMA = YES;
				CLANG_WARN_CONSTANT_CONVERSION = YES;
				CLANG_WARN_DEPRECATED_OBJC_IMPLEMENTATIONS = YES;
				CLANG_WARN_DIRECT_OBJC_ISA_USAGE = YES_ERROR;
				CLANG_WARN_DOCUMENTATION_COMMENTS = YES;
				CLANG_WARN_EMPTY_BODY = YES;
				CLANG_WARN_ENUM_CONVERSION = YES;
				CLANG_WARN_INFINITE_RECURSION = YES;
				CLANG_WARN_INT_CONVERSION = YES;
				CLANG_WARN_NON_LITERAL_NULL_CONVERSION = YES;
				CLANG_WARN_OBJC_IMPLICIT_RETAIN_SELF = YES;
				CLANG_WARN_OBJC_LITERAL_CONVERSION = YES;
				CLANG_WARN_OBJC_ROOT_CLASS = YES_ERROR;
				CLANG_WARN_QUOTED_INCLUDE_IN_FRAMEWORK_HEADER = YES;
				CLANG_WARN_RANGE_LOOP_ANALYSIS = YES;
				CLANG_WARN_STRICT_PROTOTYPES = YES;
				CLANG_WARN_SUSPICIOUS_MOVE = YES;
				CLANG_WARN_UNGUARDED_AVAILABILITY = YES_AGGRESSIVE;
				CLANG_WARN_UNREACHABLE_CODE = YES;
				CLANG_WARN__DUPLICATE_METHOD_MATCH = YES;
				COPY_PHASE_STRIP = NO;
				DEBUG_INFORMATION_FORMAT = "dwarf-with-dsym";
				ENABLE_NS_ASSERTIONS = NO;
				ENABLE_STRICT_OBJC_MSGSEND = YES;
				GCC_C_LANGUAGE_STANDARD = gnu11;
				GCC_NO_COMMON_BLOCKS = YES;
				GCC_WARN_64_TO_32_BIT_CONVERSION = YES;
				GCC_WARN_ABOUT_RETURN_TYPE = YES_ERROR;
				GCC_WARN_UNDECLARED_SELECTOR = YES;
				GCC_WARN_UNINITIALIZED_AUTOS = YES_AGGRESSIVE;
				GCC_WARN_UNUSED_FUNCTION = YES;
				GCC_WARN_UNUSED_VARIABLE = YES;
				MACOSX_DEPLOYMENT_TARGET = 11.1;
				MTL_ENABLE_DEBUG_INFO = NO;
				MTL_FAST_MATH = YES;
				SDKROOT = macosx;
			};
			name = Release;
		};
		A700D8EC25DFF3EA00CF8E7F /* Debug */ = {
			isa = XCBuildConfiguration;
			buildSettings = {
				ASSETCATALOG_COMPILER_APPICON_NAME = AppIcon;
				ASSETCATALOG_COMPILER_GLOBAL_ACCENT_COLOR_NAME = AccentColor;
				CODE_SIGN_ENTITLEMENTS = FnSmartSwicher/FnSmartSwicher.entitlements;
				CODE_SIGN_STYLE = Automatic;
				COMBINE_HIDPI_IMAGES = YES;
				DEVELOPMENT_TEAM = 492S5PBWMX;
				ENABLE_HARDENED_RUNTIME = YES;
				INFOPLIST_FILE = FnSmartSwicher/Info.plist;
				LD_RUNPATH_SEARCH_PATHS = (
					"$(inherited)",
					"@executable_path/../Frameworks",
				);
				MACOSX_DEPLOYMENT_TARGET = 10.13;
				PRODUCT_BUNDLE_IDENTIFIER = tw.raccoon.FnSmartSwicher;
				PRODUCT_NAME = "$(TARGET_NAME)";
			};
			name = Debug;
		};
		A700D8ED25DFF3EA00CF8E7F /* Release */ = {
			isa = XCBuildConfiguration;
			buildSettings = {
				ASSETCATALOG_COMPILER_APPICON_NAME = AppIcon;
				ASSETCATALOG_COMPILER_GLOBAL_ACCENT_COLOR_NAME = AccentColor;
				CODE_SIGN_ENTITLEMENTS = FnSmartSwicher/FnSmartSwicher.entitlements;
				CODE_SIGN_STYLE = Automatic;
				COMBINE_HIDPI_IMAGES = YES;
				DEVELOPMENT_TEAM = 492S5PBWMX;
				ENABLE_HARDENED_RUNTIME = YES;
				INFOPLIST_FILE = FnSmartSwicher/Info.plist;
				LD_RUNPATH_SEARCH_PATHS = (
					"$(inherited)",
					"@executable_path/../Frameworks",
				);
				MACOSX_DEPLOYMENT_TARGET = 10.13;
				PRODUCT_BUNDLE_IDENTIFIER = tw.raccoon.FnSmartSwicher;
				PRODUCT_NAME = "$(TARGET_NAME)";
			};
			name = Release;
		};
/* End XCBuildConfiguration section */

/* Begin XCConfigurationList section */
		A700D8D525DFF3EA00CF8E7F /* Build configuration list for PBXProject "FnSmartSwicher" */ = {
			isa = XCConfigurationList;
			buildConfigurations = (
				A700D8E925DFF3EA00CF8E7F /* Debug */,
				A700D8EA25DFF3EA00CF8E7F /* Release */,
			);
			defaultConfigurationIsVisible = 0;
			defaultConfigurationName = Release;
		};
		A700D8EB25DFF3EA00CF8E7F /* Build configuration list for PBXNativeTarget "FnSmartSwicher" */ = {
			isa = XCConfigurationList;
			buildConfigurations = (
				A700D8EC25DFF3EA00CF8E7F /* Debug */,
				A700D8ED25DFF3EA00CF8E7F /* Release */,
			);
			defaultConfigurationIsVisible = 0;
			defaultConfigurationName = Release;
		};
/* End XCConfigurationList section */
	};
	rootObject = A700D8D225DFF3EA00CF8E7F /* Project object */;
}
